PODS:
  - CGSizeAspectRatioTool (1.0)
  - KMSClient (1.1.1):
    - KMSClient/Log (= 1.1.1)
    - KMSClient/MessageFactory (= 1.1.1)
    - KMSClient/ModelLayer (= 1.1.1)
    - KMSClient/UUID (= 1.1.1)
    - Mantle (= 2.1.0)
    - MantleNullValuesOmit (= 0.0.2)
    - NSDictionaryMerge (= 1.0)
    - ReactiveObjC (= 2.1.2)
    - SocketRocket (= 0.5.1)
  - KMSClient/Log (1.1.1):
    - Mantle (= 2.1.0)
    - MantleNullValuesOmit (= 0.0.2)
    - NSDictionaryMerge (= 1.0)
    - ReactiveObjC (= 2.1.2)
    - SocketRocket (= 0.5.1)
  - KMSClient/MessageFactory (1.1.1):
    - KMSClient/ModelLayer
    - KMSClient/UUID
    - Mantle (= 2.1.0)
    - MantleNullValuesOmit (= 0.0.2)
    - NSDictionaryMerge (= 1.0)
    - ReactiveObjC (= 2.1.2)
    - SocketRocket (= 0.5.1)
  - KMSClient/ModelLayer (1.1.1):
    - KMSClient/ModelLayer/Types (= 1.1.1)
    - Mantle (= 2.1.0)
    - MantleNullValuesOmit (= 0.0.2)
    - NSDictionaryMerge (= 1.0)
    - ReactiveObjC (= 2.1.2)
    - SocketRocket (= 0.5.1)
  - KMSClient/ModelLayer/Types (1.1.1):
    - Mantle (= 2.1.0)
    - MantleNullValuesOmit (= 0.0.2)
    - NSDictionaryMerge (= 1.0)
    - ReactiveObjC (= 2.1.2)
    - SocketRocket (= 0.5.1)
  - KMSClient/UUID (1.1.1):
    - Mantle (= 2.1.0)
    - MantleNullValuesOmit (= 0.0.2)
    - NSDictionaryMerge (= 1.0)
    - ReactiveObjC (= 2.1.2)
    - SocketRocket (= 0.5.1)
  - Mantle (2.1.0):
    - Mantle/extobjc (= 2.1.0)
  - Mantle/extobjc (2.1.0)
  - MantleNullValuesOmit (0.0.2):
    - Mantle (= 2.1.0)
  - MBProgressHUD (0.9.1)
  - NSDictionaryMerge (1.0)
  - ReactiveObjC (2.1.2)
  - SocketRocket (0.5.1)
  - UIImage+Additions (2.1.0)

DEPENDENCIES:
  - CGSizeAspectRatioTool (= 1.0)
  - KMSClient (= 1.1.1)
  - Mantle (= 2.1.0)
  - MantleNullValuesOmit (= 0.0.2)
  - MBProgressHUD (= 0.9.1)
  - NSDictionaryMerge (= 1.0)
  - ReactiveObjC (= 2.1.2)
  - UIImage+Additions (= 2.1.0)

SPEC CHECKSUMS:
  CGSizeAspectRatioTool: f88e95b9ceec43259c29bde52cf5e9a8d3c72123
  KMSClient: 8cd18829c367f904d613c46cde17adf77decebc7
  Mantle: 2fa750afa478cd625a94230fbf1c13462f29395b
  MantleNullValuesOmit: 620999256d7aee9a7e2c411d5e2cad01ef4f778d
  MBProgressHUD: c47f2c166c126cf2ce36498d80f33e754d4e93ad
  NSDictionaryMerge: 27071382a60ebf258eaed63f17430a51fb4c0c00
  ReactiveObjC: 7b6782ae39f9ac0f57205c3b0c0b69b9dd7048c0
  SocketRocket: d57c7159b83c3c6655745cd15302aa24b6bae531
  UIImage+Additions: 6181430b139099649e56171d58a52d6c37d57e42

PODFILE CHECKSUM: 2342a1d3f2534b2d03758f70e0fcf173927d3802

COCOAPODS: 1.2.0
